
Microsoft Visual Studio Solution File, Format Version 12.00
# Visual Studio Version 16
VisualStudioVersion = 16.0.31112.23
MinimumVisualStudioVersion = 10.0.40219.1
Project("{FAE04EC0-301F-11D3-BF4B-00C04F79EFBC}") = "EmployeeClass", "EmployeeClass\EmployeeClass.csproj", "{2AD5591B-69AB-46BF-B970-B04697D403A1}"
EndProject
Project("{FAE04EC0-301F-11D3-BF4B-00C04F79EFBC}") = "EmployeeClassTest", "EmployeeClassTest\EmployeeClassTest.csproj", "{65F6F80C-43CC-4E39-8740-EC2F1CF7F67E}"
EndProject
Global
	GlobalSection(SolutionConfigurationPlatforms) = preSolution
		Debug|Any CPU = Debug|Any CPU
		Release|Any CPU = Release|Any CPU
	EndGlobalSection
	GlobalSection(ProjectConfigurationPlatforms) = postSolution
		{2AD5591B-69AB-46BF-B970-B04697D403A1}.Debug|Any CPU.ActiveCfg = Debug|Any CPU
		{2AD5591B-69AB-46BF-B970-B04697D403A1}.Debug|Any CPU.Build.0 = Debug|Any CPU
		{2AD5591B-69AB-46BF-B970-B04697D403A1}.Release|Any CPU.ActiveCfg = Release|Any CPU
		{2AD5591B-69AB-46BF-B970-B04697D403A1}.Release|Any CPU.Build.0 = Release|Any CPU
		{65F6F80C-43CC-4E39-8740-EC2F1CF7F67E}.Debug|Any CPU.ActiveCfg = Debug|Any CPU
		{65F6F80C-43CC-4E39-8740-EC2F1CF7F67E}.Debug|Any CPU.Build.0 = Debug|Any CPU
		{65F6F80C-43CC-4E39-8740-EC2F1CF7F67E}.Release|Any CPU.ActiveCfg = Release|Any CPU
		{65F6F80C-43CC-4E39-8740-EC2F1CF7F67E}.Release|Any CPU.Build.0 = Release|Any CPU
	EndGlobalSection
	GlobalSection(SolutionProperties) = preSolution
		HideSolutionNode = FALSE
	EndGlobalSection
	GlobalSection(ExtensibilityGlobals) = postSolution
		SolutionGuid = {B91F845A-774B-483A-97B8-6D1B7B4F987E}
	EndGlobalSection
EndGlobal
